<?xml version="1.0" encoding="utf-8"?>
<Project ToolsVersion="4.0" xmlns="http://schemas.microsoft.com/developer/msbuild/2003">
  <ItemGroup>
    <Filter Include="소스 파일">
      <UniqueIdentifier>{4FC737F1-C7A5-4376-A066-2A32D752A2FF}</UniqueIdentifier>
      <Extensions>cpp;c;cc;cxx;def;odl;idl;hpj;bat;asm;asmx</Extensions>
    </Filter>
    <Filter Include="헤더 파일">
      <UniqueIdentifier>{93995380-89BD-4b04-88EB-625FBE52EBFB}</UniqueIdentifier>
      <Extensions>h;hh;hpp;hxx;hm;inl;inc;ipp;xsd</Extensions>
    </Filter>
    <Filter Include="리소스 파일">
      <UniqueIdentifier>{67DA6AB6-F800-4c08-8B7A-83BB121AAD01}</UniqueIdentifier>
      <Extensions>rc;ico;cur;bmp;dlg;rc2;rct;bin;rgs;gif;jpg;jpeg;jpe;resx;tiff;tif;png;wav;mfcribbon-ms</Extensions>
    </Filter>
  </ItemGroup>
  <ItemGroup>
    <ClCompile Include="1829_컬러링북(박선하).cpp">
      <Filter>소스 파일</Filter>
    </ClCompile>
    <ClCompile Include="1832_보행자천국(박선하).cpp">
      <Filter>소스 파일</Filter>
    </ClCompile>
    <ClCompile Include="1837_GPS(박선하).cpp">
      <Filter>소스 파일</Filter>
    </ClCompile>
    <ClCompile Include="1838_몸짱트레이너 라이언의 고민(박선하).cpp">
      <Filter>소스 파일</Filter>
    </ClCompile>
    <ClCompile Include="5373_큐빙(박선하).cpp">
      <Filter>소스 파일</Filter>
    </ClCompile>
    <ClCompile Include="12100_2048(easy)(박선하).cpp">
      <Filter>소스 파일</Filter>
    </ClCompile>
    <ClCompile Include="12946_하노이의 탑(박선하).cpp">
      <Filter>소스 파일</Filter>
    </ClCompile>
    <ClCompile Include="13460_구슬탈출2(박선하).cpp">
      <Filter>소스 파일</Filter>
    </ClCompile>
    <ClCompile Include="14500_테트로미노(박선하).cpp">
      <Filter>소스 파일</Filter>
    </ClCompile>
    <ClCompile Include="14501_퇴사(박선하).cpp">
      <Filter>소스 파일</Filter>
    </ClCompile>
    <ClCompile Include="14502_연구소(박선하).cpp">
      <Filter>소스 파일</Filter>
    </ClCompile>
    <ClCompile Include="14888_연산자 끼워넣기(박선하).cpp">
      <Filter>소스 파일</Filter>
    </ClCompile>
    <ClCompile Include="14889_스타트와링크(박선하).cpp">
      <Filter>소스 파일</Filter>
    </ClCompile>
    <ClCompile Include="15683_감시(박선하).cpp">
      <Filter>소스 파일</Filter>
    </ClCompile>
    <ClCompile Include="15684_사다리조작(박선하).cpp">
      <Filter>소스 파일</Filter>
    </ClCompile>
    <ClCompile Include="16234_인구이동(박선하).cpp">
      <Filter>소스 파일</Filter>
    </ClCompile>
    <ClCompile Include="16235_나무 재테크(박선하).cpp">
      <Filter>소스 파일</Filter>
    </ClCompile>
    <ClCompile Include="16236_아기상어(박선하).cpp">
      <Filter>소스 파일</Filter>
    </ClCompile>
    <ClCompile Include="17677_뉴스클러스터링(박선하).cpp">
      <Filter>소스 파일</Filter>
    </ClCompile>
    <ClCompile Include="17678_셔틀버스(박선하).cpp">
      <Filter>소스 파일</Filter>
    </ClCompile>
    <ClCompile Include="17679_프렌즈4블록(박선하).cpp">
      <Filter>소스 파일</Filter>
    </ClCompile>
    <ClCompile Include="17680_캐시(박선하).cpp">
      <Filter>소스 파일</Filter>
    </ClCompile>
    <ClCompile Include="17685_자동완성(박선하).cpp">
      <Filter>소스 파일</Filter>
    </ClCompile>
    <ClCompile Include="42890_후보키(박선하).cpp">
      <Filter>소스 파일</Filter>
    </ClCompile>
    <ClCompile Include="42891_먹방라이브_시간초과(박선하).cpp">
      <Filter>소스 파일</Filter>
    </ClCompile>
    <ClCompile Include="42892_길찾기게임(박선하).cpp">
      <Filter>소스 파일</Filter>
    </ClCompile>
    <ClCompile Include="42894_블록게임(박선하).cpp">
      <Filter>소스 파일</Filter>
    </ClCompile>
    <ClCompile Include="49191_순위(박선하).cpp">
      <Filter>소스 파일</Filter>
    </ClCompile>
    <ClCompile Include="baek_1000(plus).cpp">
      <Filter>소스 파일</Filter>
    </ClCompile>
    <ClCompile Include="baek_1001(minus).cpp">
      <Filter>소스 파일</Filter>
    </ClCompile>
    <ClCompile Include="baek_1065(han_number).cpp">
      <Filter>소스 파일</Filter>
    </ClCompile>
    <ClCompile Include="baek_1924(2007day).cpp">
      <Filter>소스 파일</Filter>
    </ClCompile>
    <ClCompile Include="baek_2839(sugar).cpp">
      <Filter>소스 파일</Filter>
    </ClCompile>
    <ClCompile Include="baek_5373(cubing).cpp">
      <Filter>소스 파일</Filter>
    </ClCompile>
    <ClCompile Include="baek_9498(score).cpp">
      <Filter>소스 파일</Filter>
    </ClCompile>
    <ClCompile Include="baek_10039(array_score).cpp">
      <Filter>소스 파일</Filter>
    </ClCompile>
    <ClCompile Include="baek_10809(alphabet).cpp">
      <Filter>소스 파일</Filter>
    </ClCompile>
    <ClCompile Include="baek_12100(2048_game).cpp">
      <Filter>소스 파일</Filter>
    </ClCompile>
    <ClCompile Include="baek_13460(marble)_Answer-1.cpp">
      <Filter>소스 파일</Filter>
    </ClCompile>
    <ClCompile Include="baek_13460(marble)_Answer-2.cpp">
      <Filter>소스 파일</Filter>
    </ClCompile>
    <ClCompile Include="baek_14500(tetramino)_TimeOver.cpp">
      <Filter>소스 파일</Filter>
    </ClCompile>
    <ClCompile Include="baek_14500(tetroamino).cpp">
      <Filter>소스 파일</Filter>
    </ClCompile>
    <ClCompile Include="baek_14501(resignation).cpp">
      <Filter>소스 파일</Filter>
    </ClCompile>
    <ClCompile Include="baek_14502(laboratory).cpp">
      <Filter>소스 파일</Filter>
    </ClCompile>
    <ClCompile Include="baek_14888(put_operator).cpp">
      <Filter>소스 파일</Filter>
    </ClCompile>
    <ClCompile Include="baek_14889(start_and_link).cpp">
      <Filter>소스 파일</Filter>
    </ClCompile>
    <ClCompile Include="baek_14890(Slope).cpp">
      <Filter>소스 파일</Filter>
    </ClCompile>
    <ClCompile Include="baek_15683(watch).cpp">
      <Filter>소스 파일</Filter>
    </ClCompile>
    <ClCompile Include="baek_15684(Ladder_manipulation).cpp">
      <Filter>소스 파일</Filter>
    </ClCompile>
    <ClCompile Include="baek_15953(cash_prize).cpp">
      <Filter>소스 파일</Filter>
    </ClCompile>
    <ClCompile Include="baek_15954(dolls).cpp">
      <Filter>소스 파일</Filter>
    </ClCompile>
    <ClCompile Include="baek_15955(booster).cpp">
      <Filter>소스 파일</Filter>
    </ClCompile>
    <ClCompile Include="baek_15956(short_code).cpp">
      <Filter>소스 파일</Filter>
    </ClCompile>
    <ClCompile Include="baek_16234(movement_of_population).cpp">
      <Filter>소스 파일</Filter>
    </ClCompile>
    <ClCompile Include="baek_16235(tree_investment).cpp">
      <Filter>소스 파일</Filter>
    </ClCompile>
    <ClCompile Include="baek_16235(tree_investment)_TimeOver-1.cpp">
      <Filter>소스 파일</Filter>
    </ClCompile>
    <ClCompile Include="baek_16235(tree_investment)_TimeOver-2.cpp">
      <Filter>소스 파일</Filter>
    </ClCompile>
    <ClCompile Include="baek_16235(tree_investment)_TimeOver-3.cpp">
      <Filter>소스 파일</Filter>
    </ClCompile>
    <ClCompile Include="baek_16235(tree_investment)_TimeOver-4.cpp">
      <Filter>소스 파일</Filter>
    </ClCompile>
    <ClCompile Include="merge_sort.cpp">
      <Filter>소스 파일</Filter>
    </ClCompile>
    <ClCompile Include="programmers_1829(coloring_book).cpp">
      <Filter>소스 파일</Filter>
    </ClCompile>
    <ClCompile Include="programmers_1832(pedestrian).cpp">
      <Filter>소스 파일</Filter>
    </ClCompile>
    <ClCompile Include="programmers_1832(pedestrian)_TimeOver.cpp">
      <Filter>소스 파일</Filter>
    </ClCompile>
    <ClCompile Include="programmers_1832(pedestrian)_TimeOver-1.cpp">
      <Filter>소스 파일</Filter>
    </ClCompile>
    <ClCompile Include="programmers_1836(little_friends_sacheonseong).cpp">
      <Filter>소스 파일</Filter>
    </ClCompile>
    <ClCompile Include="programmers_1837(GPS).cpp">
      <Filter>소스 파일</Filter>
    </ClCompile>
    <ClCompile Include="programmers_1837(GPS)_Fail-1.cpp">
      <Filter>소스 파일</Filter>
    </ClCompile>
    <ClCompile Include="programmers_1838(trainer_lion).cpp">
      <Filter>소스 파일</Filter>
    </ClCompile>
    <ClCompile Include="programmers_1838(trainer_lion)_Fail-1.cpp">
      <Filter>소스 파일</Filter>
    </ClCompile>
    <ClCompile Include="programmers_12946(hanoi).cpp">
      <Filter>소스 파일</Filter>
    </ClCompile>
    <ClCompile Include="programmers_17677(news_clustering).cpp">
      <Filter>소스 파일</Filter>
    </ClCompile>
    <ClCompile Include="programmers_17678(shuttle_bus).cpp">
      <Filter>소스 파일</Filter>
    </ClCompile>
    <ClCompile Include="programmers_17679(friends_4_blocks).cpp">
      <Filter>소스 파일</Filter>
    </ClCompile>
    <ClCompile Include="programmers_17680(cache).cpp">
      <Filter>소스 파일</Filter>
    </ClCompile>
    <ClCompile Include="programmers_17685(autocomplete).cpp">
      <Filter>소스 파일</Filter>
    </ClCompile>
    <ClCompile Include="programmers_42890(Candidate_key).cpp">
      <Filter>소스 파일</Filter>
    </ClCompile>
    <ClCompile Include="programmers_42891(eating_live).cpp">
      <Filter>소스 파일</Filter>
    </ClCompile>
    <ClCompile Include="programmers_42892(directions_game).cpp">
      <Filter>소스 파일</Filter>
    </ClCompile>
    <ClCompile Include="programmers_42894(block_game)_Fail_1.cpp">
      <Filter>소스 파일</Filter>
    </ClCompile>
    <ClCompile Include="programmers_42894(block_game)_Fail_2.cpp">
      <Filter>소스 파일</Filter>
    </ClCompile>
    <ClCompile Include="programmers_49191(ranking).cpp">
      <Filter>소스 파일</Filter>
    </ClCompile>
    <ClCompile Include="quick_sort.cpp">
      <Filter>소스 파일</Filter>
    </ClCompile>
    <ClCompile Include="topological_sort.cpp">
      <Filter>소스 파일</Filter>
    </ClCompile>
    <ClCompile Include="sample1.cpp">
      <Filter>소스 파일</Filter>
    </ClCompile>
    <ClCompile Include="14890_경사로(박선하).cpp">
      <Filter>소스 파일</Filter>
    </ClCompile>
    <ClCompile Include="programmers_17684(compression).cpp">
      <Filter>소스 파일</Filter>
    </ClCompile>
    <ClCompile Include="17684_압축%28박선하%29.cpp">
      <Filter>소스 파일</Filter>
    </ClCompile>
    <ClCompile Include="baek_15685(Dragon_curve).cpp">
      <Filter>소스 파일</Filter>
    </ClCompile>
    <ClCompile Include="15685_드래곤커브(박선하).cpp">
      <Filter>소스 파일</Filter>
    </ClCompile>
    <ClCompile Include="baek_16236%28baby_shark%29_Fail-1.cpp">
      <Filter>소스 파일</Filter>
    </ClCompile>
    <ClCompile Include="baek_16236%28baby_shark%29_Fail-2.cpp">
      <Filter>소스 파일</Filter>
    </ClCompile>
    <ClCompile Include="baek_16235(tree_investment)_2.cpp">
      <Filter>소스 파일</Filter>
    </ClCompile>
    <ClCompile Include="sample2.cpp">
      <Filter>소스 파일</Filter>
    </ClCompile>
    <ClCompile Include="16235_나무재테크(박선하)-2.cpp">
      <Filter>소스 파일</Filter>
    </ClCompile>
    <ClCompile Include="baek_16234(movement_of_population)-2.cpp">
      <Filter>소스 파일</Filter>
    </ClCompile>
    <ClCompile Include="16234_인구이동(박선하)-2.cpp">
      <Filter>소스 파일</Filter>
    </ClCompile>
  </ItemGroup>
</Project>